
Microsoft Visual Studio Solution File, Format Version 12.00
# Visual Studio Version 16
VisualStudioVersion = 16.0.32002.261
MinimumVisualStudioVersion = 10.0.40219.1
Project("{FAE04EC0-301F-11D3-BF4B-00C04F79EFBC}") = "Rep2", "Rep2.csproj", "{DD26B730-D629-4B39-905E-A13145CFFDA5}"
EndProject
Global
	GlobalSection(SolutionConfigurationPlatforms) = preSolution
		Debug|Any CPU = Debug|Any CPU
		Release|Any CPU = Release|Any CPU
	EndGlobalSection
	GlobalSection(ProjectConfigurationPlatforms) = postSolution
		{DD26B730-D629-4B39-905E-A13145CFFDA5}.Debug|Any CPU.ActiveCfg = Debug|Any CPU
		{DD26B730-D629-4B39-905E-A13145CFFDA5}.Debug|Any CPU.Build.0 = Debug|Any CPU
		{DD26B730-D629-4B39-905E-A13145CFFDA5}.Release|Any CPU.ActiveCfg = Release|Any CPU
		{DD26B730-D629-4B39-905E-A13145CFFDA5}.Release|Any CPU.Build.0 = Release|Any CPU
	EndGlobalSection
	GlobalSection(SolutionProperties) = preSolution
		HideSolutionNode = FALSE
	EndGlobalSection
	GlobalSection(ExtensibilityGlobals) = postSolution
		SolutionGuid = {EC38874C-2FEE-41A0-8A6B-E1B71D87F23B}
	EndGlobalSection
EndGlobal
